{
  "requires": true,
  "lockfileVersion": 1,
  "dependencies": {
    "url-search-params": {
      "version": "1.1.0",
      "resolved": "https://registry.npmjs.org/url-search-params/-/url-search-params-1.1.0.tgz",
      "integrity": "sha512-XiO5GLAxmlZgdLob/RmKZRc2INHrssMbpwD6O46JkB1aEJO4fkV3x3mR6+CDX01ijfEUwvfwCiUQZrKqfm1ILw=="
    }
  }
}
